<?xml version="1.0" encoding="utf-8"?>
<Project ToolsVersion="4.0" xmlns="http://schemas.microsoft.com/developer/msbuild/2003">
  <ItemGroup>
    <ClInclude Include="..\..\position.h" />
    <ClInclude Include="..\..\piece.h" />
    <ClInclude Include="..\..\square.h" />
    <ClInclude Include="..\..\move.h" />
    <ClInclude Include="..\..\game.h" />
    <ClInclude Include="..\..\placement.h" />
    <ClInclude Include="..\..\relocation.h" />
    <ClInclude Include="..\..\rules.h" />
    <ClInclude Include="..\..\scoring.h" />
  </ItemGroup>
  <ItemGroup>
    <ClCompile Include="..\..\position.cpp" />
    <ClCompile Include="..\..\piece.cpp" />
    <ClCompile Include="..\..\square.cpp" />
    <ClCompile Include="..\..\game.cpp" />
    <ClCompile Include="..\..\rules.cpp" />
    <ClCompile Include="..\..\scoring.cpp" />
  </ItemGroup>
</Project>